// !$*UTF8*$!
{
	archiveVersion = 1;
	classes = {
	};
	objectVersion = 50;
	objects = {

/* Begin PBXBuildFile section */
		64A149D72225C6B90002A33A /* AppDelegate.swift in Sources */ = {isa = PBXBuildFile; fileRef = 64A149D62225C6B90002A33A /* AppDelegate.swift */; };
		64A149D92225C6B90002A33A /* ViewController.swift in Sources */ = {isa = PBXBuildFile; fileRef = 64A149D82225C6B90002A33A /* ViewController.swift */; };
		64A149DC2225C6B90002A33A /* Main.storyboard in Resources */ = {isa = PBXBuildFile; fileRef = 64A149DA2225C6B90002A33A /* Main.storyboard */; };
		64A149DE2225C6BA0002A33A /* Assets.xcassets in Resources */ = {isa = PBXBuildFile; fileRef = 64A149DD2225C6BA0002A33A /* Assets.xcassets */; };
		64A149E12225C6BA0002A33A /* LaunchScreen.storyboard in Resources */ = {isa = PBXBuildFile; fileRef = 64A149DF2225C6BA0002A33A /* LaunchScreen.storyboard */; };
		64A149EC22260CE60002A33A /* Story.swift in Sources */ = {isa = PBXBuildFile; fileRef = 64A149EB22260CE60002A33A /* Story.swift */; };
		64A149EE222619040002A33A /* AnswerOptions.swift in Sources */ = {isa = PBXBuildFile; fileRef = 64A149ED222619040002A33A /* AnswerOptions.swift */; };
/* End PBXBuildFile section */

/* Begin PBXFileReference section */
		64A149D32225C6B90002A33A /* DestiniApp.app */ = {isa = PBXFileReference; explicitFileType = wrapper.application; includeInIndex = 0; path = DestiniApp.app; sourceTree = BUILT_PRODUCTS_DIR; };
		64A149D62225C6B90002A33A /* AppDelegate.swift */ = {isa = PBXFileReference; lastKnownFileType = sourcecode.swift; path = AppDelegate.swift; sourceTree = "<group>"; };
		64A149D82225C6B90002A33A /* ViewController.swift */ = {isa = PBXFileReference; lastKnownFileType = sourcecode.swift; path = ViewController.swift; sourceTree = "<group>"; };
		64A149DB2225C6B90002A33A /* Base */ = {isa = PBXFileReference; lastKnownFileType = file.storyboard; name = Base; path = Base.lproj/Main.storyboard; sourceTree = "<group>"; };
		64A149DD2225C6BA0002A33A /* Assets.xcassets */ = {isa = PBXFileReference; lastKnownFileType = folder.assetcatalog; path = Assets.xcassets; sourceTree = "<group>"; };
		64A149E02225C6BA0002A33A /* Base */ = {isa = PBXFileReference; lastKnownFileType = file.storyboard; name = Base; path = Base.lproj/LaunchScreen.storyboard; sourceTree = "<group>"; };
		64A149E22225C6BA0002A33A /* Info.plist */ = {isa = PBXFileReference; lastKnownFileType = text.plist.xml; path = Info.plist; sourceTree = "<group>"; };
		64A149EB22260CE60002A33A /* Story.swift */ = {isa = PBXFileReference; lastKnownFileType = sourcecode.swift; path = Story.swift; sourceTree = "<group>"; };
		64A149ED222619040002A33A /* AnswerOptions.swift */ = {isa = PBXFileReference; lastKnownFileType = sourcecode.swift; path = AnswerOptions.swift; sourceTree = "<group>"; };
/* End PBXFileReference section */

/* Begin PBXFrameworksBuildPhase section */
		64A149D02225C6B90002A33A /* Frameworks */ = {
			isa = PBXFrameworksBuildPhase;
			buildActionMask = 2147483647;
			files = (
			);
			runOnlyForDeploymentPostprocessing = 0;
		};
/* End PBXFrameworksBuildPhase section */

/* Begin PBXGroup section */
		64A149CA2225C6B90002A33A = {
			isa = PBXGroup;
			children = (
				64A149D52225C6B90002A33A /* DestiniApp */,
				64A149E922260C950002A33A /* Controller */,
				64A149EA22260CA20002A33A /* Data */,
				64A149E822260C7B0002A33A /* Model */,
				64A149D42225C6B90002A33A /* Products */,
			);
			sourceTree = "<group>";
		};
		64A149D42225C6B90002A33A /* Products */ = {
			isa = PBXGroup;
			children = (
				64A149D32225C6B90002A33A /* DestiniApp.app */,
			);
			name = Products;
			sourceTree = "<group>";
		};
		64A149D52225C6B90002A33A /* DestiniApp */ = {
			isa = PBXGroup;
			children = (
				64A149DA2225C6B90002A33A /* Main.storyboard */,
				64A149DD2225C6BA0002A33A /* Assets.xcassets */,
				64A149DF2225C6BA0002A33A /* LaunchScreen.storyboard */,
				64A149E22225C6BA0002A33A /* Info.plist */,
			);
			path = DestiniApp;
			sourceTree = "<group>";
		};
		64A149E822260C7B0002A33A /* Model */ = {
			isa = PBXGroup;
			children = (
				64A149EB22260CE60002A33A /* Story.swift */,
				64A149ED222619040002A33A /* AnswerOptions.swift */,
			);
			path = Model;
			sourceTree = "<group>";
		};
		64A149E922260C950002A33A /* Controller */ = {
			isa = PBXGroup;
			children = (
				64A149D62225C6B90002A33A /* AppDelegate.swift */,
				64A149D82225C6B90002A33A /* ViewController.swift */,
			);
			path = Controller;
			sourceTree = "<group>";
		};
		64A149EA22260CA20002A33A /* Data */ = {
			isa = PBXGroup;
			children = (
			);
			path = Data;
			sourceTree = "<group>";
		};
/* End PBXGroup section */

/* Begin PBXNativeTarget section */
		64A149D22225C6B90002A33A /* DestiniApp */ = {
			isa = PBXNativeTarget;
			buildConfigurationList = 64A149E52225C6BA0002A33A /* Build configuration list for PBXNativeTarget "DestiniApp" */;
			buildPhases = (
				64A149CF2225C6B90002A33A /* Sources */,
				64A149D02225C6B90002A33A /* Frameworks */,
				64A149D12225C6B90002A33A /* Resources */,
			);
			buildRules = (
			);
			dependencies = (
			);
			name = DestiniApp;
			productName = DestiniApp;
			productReference = 64A149D32225C6B90002A33A /* DestiniApp.app */;
			productType = "com.apple.product-type.application";
		};
/* End PBXNativeTarget section */

/* Begin PBXProject section */
		64A149CB2225C6B90002A33A /* Project object */ = {
			isa = PBXProject;
			attributes = {
				LastSwiftUpdateCheck = 1010;
				LastUpgradeCheck = 1010;
				ORGANIZATIONNAME = "Getu Gebre";
				TargetAttributes = {
					64A149D22225C6B90002A33A = {
						CreatedOnToolsVersion = 10.1;
					};
				};
			};
			buildConfigurationList = 64A149CE2225C6B90002A33A /* Build configuration list for PBXProject "DestiniApp" */;
			compatibilityVersion = "Xcode 9.3";
			developmentRegion = en;
			hasScannedForEncodings = 0;
			knownRegions = (
				en,
				Base,
			);
			mainGroup = 64A149CA2225C6B90002A33A;
			productRefGroup = 64A149D42225C6B90002A33A /* Products */;
			projectDirPath = "";
			projectRoot = "";
			targets = (
				64A149D22225C6B90002A33A /* DestiniApp */,
			);
		};
/* End PBXProject section */

/* Begin PBXResourcesBuildPhase section */
		64A149D12225C6B90002A33A /* Resources */ = {
			isa = PBXResourcesBuildPhase;
			buildActionMask = 2147483647;
			files = (
				64A149E12225C6BA0002A33A /* LaunchScreen.storyboard in Resources */,
				64A149DE2225C6BA0002A33A /* Assets.xcassets in Resources */,
				64A149DC2225C6B90002A33A /* Main.storyboard in Resources */,
			);
			runOnlyForDeploymentPostprocessing = 0;
		};
/* End PBXResourcesBuildPhase section */

/* Begin PBXSourcesBuildPhase section */
		64A149CF2225C6B90002A33A /* Sources */ = {
			isa = PBXSourcesBuildPhase;
			buildActionMask = 2147483647;
			files = (
				64A149D92225C6B90002A33A /* ViewController.swift in Sources */,
				64A149D72225C6B90002A33A /* AppDelegate.swift in Sources */,
				64A149EE222619040002A33A /* AnswerOptions.swift in Sources */,
				64A149EC22260CE60002A33A /* Story.swift in Sources */,
			);
			runOnlyForDeploymentPostprocessing = 0;
		};
/* End PBXSourcesBuildPhase section */

/* Begin PBXVariantGroup section */
		64A149DA2225C6B90002A33A /* Main.storyboard */ = {
			isa = PBXVariantGroup;
			children = (
				64A149DB2225C6B90002A33A /* Base */,
			);
			name = Main.storyboard;
			sourceTree = "<group>";
		};
		64A149DF2225C6BA0002A33A /* LaunchScreen.storyboard */ = {
			isa = PBXVariantGroup;
			children = (
				64A149E02225C6BA0002A33A /* Base */,
			);
			name = LaunchScreen.storyboard;
			sourceTree = "<group>";
		};
/* End PBXVariantGroup section */

/* Begin XCBuildConfiguration section */
		64A149E32225C6BA0002A33A /* Debug */ = {
			isa = XCBuildConfiguration;
			buildSettings = {
				ALWAYS_SEARCH_USER_PATHS = NO;
				CLANG_ANALYZER_NONNULL = YES;
				CLANG_ANALYZER_NUMBER_OBJECT_CONVERSION = YES_AGGRESSIVE;
				CLANG_CXX_LANGUAGE_STANDARD = "gnu++14";
				CLANG_CXX_LIBRARY = "libc++";
				CLANG_ENABLE_MODULES = YES;
				CLANG_ENABLE_OBJC_ARC = YES;
				CLANG_ENABLE_OBJC_WEAK = YES;
				CLANG_WARN_BLOCK_CAPTURE_AUTORELEASING = YES;
				CLANG_WARN_BOOL_CONVERSION = YES;
				CLANG_WARN_COMMA = YES;
				CLANG_WARN_CONSTANT_CONVERSION = YES;
				CLANG_WARN_DEPRECATED_OBJC_IMPLEMENTATIONS = YES;
				CLANG_WARN_DIRECT_OBJC_ISA_USAGE = YES_ERROR;
				CLANG_WARN_DOCUMENTATION_COMMENTS = YES;
				CLANG_WARN_EMPTY_BODY = YES;
				CLANG_WARN_ENUM_CONVERSION = YES;
				CLANG_WARN_INFINITE_RECURSION = YES;
				CLANG_WARN_INT_CONVERSION = YES;
				CLANG_WARN_NON_LITERAL_NULL_CONVERSION = YES;
				CLANG_WARN_OBJC_IMPLICIT_RETAIN_SELF = YES;
				CLANG_WARN_OBJC_LITERAL_CONVERSION = YES;
				CLANG_WARN_OBJC_ROOT_CLASS = YES_ERROR;
				CLANG_WARN_RANGE_LOOP_ANALYSIS = YES;
				CLANG_WARN_STRICT_PROTOTYPES = YES;
				CLANG_WARN_SUSPICIOUS_MOVE = YES;
				CLANG_WARN_UNGUARDED_AVAILABILITY = YES_AGGRESSIVE;
				CLANG_WARN_UNREACHABLE_CODE = YES;
				CLANG_WARN__DUPLICATE_METHOD_MATCH = YES;
				CODE_SIGN_IDENTITY = "iPhone Developer";
				COPY_PHASE_STRIP = NO;
				DEBUG_INFORMATION_FORMAT = dwarf;
				ENABLE_STRICT_OBJC_MSGSEND = YES;
				ENABLE_TESTABILITY = YES;
				GCC_C_LANGUAGE_STANDARD = gnu11;
				GCC_DYNAMIC_NO_PIC = NO;
				GCC_NO_COMMON_BLOCKS = YES;
				GCC_OPTIMIZATION_LEVEL = 0;
				GCC_PREPROCESSOR_DEFINITIONS = (
					"DEBUG=1",
					"$(inherited)",
				);
				GCC_WARN_64_TO_32_BIT_CONVERSION = YES;
				GCC_WARN_ABOUT_RETURN_TYPE = YES_ERROR;
				GCC_WARN_UNDECLARED_SELECTOR = YES;
				GCC_WARN_UNINITIALIZED_AUTOS = YES_AGGRESSIVE;
				GCC_WARN_UNUSED_FUNCTION = YES;
				GCC_WARN_UNUSED_VARIABLE = YES;
				IPHONEOS_DEPLOYMENT_TARGET = 12.1;
				MTL_ENABLE_DEBUG_INFO = INCLUDE_SOURCE;
				MTL_FAST_MATH = YES;
				ONLY_ACTIVE_ARCH = YES;
				SDKROOT = iphoneos;
				SWIFT_ACTIVE_COMPILATION_CONDITIONS = DEBUG;
				SWIFT_OPTIMIZATION_LEVEL = "-Onone";
			};
			name = Debug;
		};
		64A149E42225C6BA0002A33A /* Release */ = {
			isa = XCBuildConfiguration;
			buildSettings = {
				ALWAYS_SEARCH_USER_PATHS = NO;
				CLANG_ANALYZER_NONNULL = YES;
				CLANG_ANALYZER_NUMBER_OBJECT_CONVERSION = YES_AGGRESSIVE;
				CLANG_CXX_LANGUAGE_STANDARD = "gnu++14";
				CLANG_CXX_LIBRARY = "libc++";
				CLANG_ENABLE_MODULES = YES;
				CLANG_ENABLE_OBJC_ARC = YES;
				CLANG_ENABLE_OBJC_WEAK = YES;
				CLANG_WARN_BLOCK_CAPTURE_AUTORELEASING = YES;
				CLANG_WARN_BOOL_CONVERSION = YES;
				CLANG_WARN_COMMA = YES;
				CLANG_WARN_CONSTANT_CONVERSION = YES;
				CLANG_WARN_DEPRECATED_OBJC_IMPLEMENTATIONS = YES;
				CLANG_WARN_DIRECT_OBJC_ISA_USAGE = YES_ERROR;
				CLANG_WARN_DOCUMENTATION_COMMENTS = YES;
				CLANG_WARN_EMPTY_BODY = YES;
				CLANG_WARN_ENUM_CONVERSION = YES;
				CLANG_WARN_INFINITE_RECURSION = YES;
				CLANG_WARN_INT_CONVERSION = YES;
				CLANG_WARN_NON_LITERAL_NULL_CONVERSION = YES;
				CLANG_WARN_OBJC_IMPLICIT_RETAIN_SELF = YES;
				CLANG_WARN_OBJC_LITERAL_CONVERSION = YES;
				CLANG_WARN_OBJC_ROOT_CLASS = YES_ERROR;
				CLANG_WARN_RANGE_LOOP_ANALYSIS = YES;
				CLANG_WARN_STRICT_PROTOTYPES = YES;
				CLANG_WARN_SUSPICIOUS_MOVE = YES;
				CLANG_WARN_UNGUARDED_AVAILABILITY = YES_AGGRESSIVE;
				CLANG_WARN_UNREACHABLE_CODE = YES;
				CLANG_WARN__DUPLICATE_METHOD_MATCH = YES;
				CODE_SIGN_IDENTITY = "iPhone Developer";
				COPY_PHASE_STRIP = NO;
				DEBUG_INFORMATION_FORMAT = "dwarf-with-dsym";
				ENABLE_NS_ASSERTIONS = NO;
				ENABLE_STRICT_OBJC_MSGSEND = YES;
				GCC_C_LANGUAGE_STANDARD = gnu11;
				GCC_NO_COMMON_BLOCKS = YES;
				GCC_WARN_64_TO_32_BIT_CONVERSION = YES;
				GCC_WARN_ABOUT_RETURN_TYPE = YES_ERROR;
				GCC_WARN_UNDECLARED_SELECTOR = YES;
				GCC_WARN_UNINITIALIZED_AUTOS = YES_AGGRESSIVE;
				GCC_WARN_UNUSED_FUNCTION = YES;
				GCC_WARN_UNUSED_VARIABLE = YES;
				IPHONEOS_DEPLOYMENT_TARGET = 12.1;
				MTL_ENABLE_DEBUG_INFO = NO;
				MTL_FAST_MATH = YES;
				SDKROOT = iphoneos;
				SWIFT_COMPILATION_MODE = wholemodule;
				SWIFT_OPTIMIZATION_LEVEL = "-O";
				VALIDATE_PRODUCT = YES;
			};
			name = Release;
		};
		64A149E62225C6BA0002A33A /* Debug */ = {
			isa = XCBuildConfiguration;
			buildSettings = {
				ASSETCATALOG_COMPILER_APPICON_NAME = AppIcon;
				CODE_SIGN_STYLE = Automatic;
				DEVELOPMENT_TEAM = SCSY2UB628;
				INFOPLIST_FILE = DestiniApp/Info.plist;
				LD_RUNPATH_SEARCH_PATHS = (
					"$(inherited)",
					"@executable_path/Frameworks",
				);
				PRODUCT_BUNDLE_IDENTIFIER = com.getugebre.DestiniApp;
				PRODUCT_NAME = "$(TARGET_NAME)";
				SWIFT_VERSION = 4.2;
				TARGETED_DEVICE_FAMILY = "1,2";
			};
			name = Debug;
		};
		64A149E72225C6BA0002A33A /* Release */ = {
			isa = XCBuildConfiguration;
			buildSettings = {
				ASSETCATALOG_COMPILER_APPICON_NAME = AppIcon;
				CODE_SIGN_STYLE = Automatic;
				DEVELOPMENT_TEAM = SCSY2UB628;
				INFOPLIST_FILE = DestiniApp/Info.plist;
				LD_RUNPATH_SEARCH_PATHS = (
					"$(inherited)",
					"@executable_path/Frameworks",
				);
				PRODUCT_BUNDLE_IDENTIFIER = com.getugebre.DestiniApp;
				PRODUCT_NAME = "$(TARGET_NAME)";
				SWIFT_VERSION = 4.2;
				TARGETED_DEVICE_FAMILY = "1,2";
			};
			name = Release;
		};
/* End XCBuildConfiguration section */

/* Begin XCConfigurationList section */
		64A149CE2225C6B90002A33A /* Build configuration list for PBXProject "DestiniApp" */ = {
			isa = XCConfigurationList;
			buildConfigurations = (
				64A149E32225C6BA0002A33A /* Debug */,
				64A149E42225C6BA0002A33A /* Release */,
			);
			defaultConfigurationIsVisible = 0;
			defaultConfigurationName = Release;
		};
		64A149E52225C6BA0002A33A /* Build configuration list for PBXNativeTarget "DestiniApp" */ = {
			isa = XCConfigurationList;
			buildConfigurations = (
				64A149E62225C6BA0002A33A /* Debug */,
				64A149E72225C6BA0002A33A /* Release */,
			);
			defaultConfigurationIsVisible = 0;
			defaultConfigurationName = Release;
		};
/* End XCConfigurationList section */
	};
	rootObject = 64A149CB2225C6B90002A33A /* Project object */;
}
